
Microsoft Visual Studio Solution File, Format Version 12.00
# Visual Studio Version 16
VisualStudioVersion = 16.0.29709.97
MinimumVisualStudioVersion = 10.0.40219.1
Project("{FAE04EC0-301F-11D3-BF4B-00C04F79EFBC}") = "Super Lucky Dice Simulator", "Software System Design Project 1 Sandbox\Super Lucky Dice Simulator.csproj", "{AF52DD0F-878C-406A-97DB-9C9FDB3F36B8}"
EndProject
Global
	GlobalSection(SolutionConfigurationPlatforms) = preSolution
		Debug|Any CPU = Debug|Any CPU
		Release|Any CPU = Release|Any CPU
	EndGlobalSection
	GlobalSection(ProjectConfigurationPlatforms) = postSolution
		{AF52DD0F-878C-406A-97DB-9C9FDB3F36B8}.Debug|Any CPU.ActiveCfg = Release|Any CPU
		{AF52DD0F-878C-406A-97DB-9C9FDB3F36B8}.Debug|Any CPU.Build.0 = Release|Any CPU
		{AF52DD0F-878C-406A-97DB-9C9FDB3F36B8}.Release|Any CPU.ActiveCfg = Release|Any CPU
		{AF52DD0F-878C-406A-97DB-9C9FDB3F36B8}.Release|Any CPU.Build.0 = Release|Any CPU
	EndGlobalSection
	GlobalSection(SolutionProperties) = preSolution
		HideSolutionNode = FALSE
	EndGlobalSection
	GlobalSection(ExtensibilityGlobals) = postSolution
		SolutionGuid = {79AE77AD-E9EF-4E46-B0AD-C7E720F330DF}
	EndGlobalSection
EndGlobal
